# THIS IS AN AUTOGENERATED FILE. DO NOT EDIT THIS FILE DIRECTLY.
# yarn lockfile v1


"@esbuild/android-arm64@0.18.17":
  version "0.18.17"
  resolved "https://registry.yarnpkg.com/@esbuild/android-arm64/-/android-arm64-0.18.17.tgz#9e00eb6865ed5f2dbe71a1e96f2c52254cd92903"
  integrity sha512-9np+YYdNDed5+Jgr1TdWBsozZ85U1Oa3xW0c7TWqH0y2aGghXtZsuT8nYRbzOMcl0bXZXjOGbksoTtVOlWrRZg==

"@esbuild/android-arm@0.18.17":
  version "0.18.17"
  resolved "https://registry.yarnpkg.com/@esbuild/android-arm/-/android-arm-0.18.17.tgz#1aa013b65524f4e9f794946b415b32ae963a4618"
  integrity sha512-wHsmJG/dnL3OkpAcwbgoBTTMHVi4Uyou3F5mf58ZtmUyIKfcdA7TROav/6tCzET4A3QW2Q2FC+eFneMU+iyOxg==

"@esbuild/android-x64@0.18.17":
  version "0.18.17"
  resolved "https://registry.yarnpkg.com/@esbuild/android-x64/-/android-x64-0.18.17.tgz#c2bd0469b04ded352de011fae34a7a1d4dcecb79"
  integrity sha512-O+FeWB/+xya0aLg23hHEM2E3hbfwZzjqumKMSIqcHbNvDa+dza2D0yLuymRBQQnC34CWrsJUXyH2MG5VnLd6uw==

"@esbuild/darwin-arm64@0.18.17":
  version "0.18.17"
  resolved "https://registry.yarnpkg.com/@esbuild/darwin-arm64/-/darwin-arm64-0.18.17.tgz#0c21a59cb5bd7a2cec66c7a42431dca42aefeddd"
  integrity sha512-M9uJ9VSB1oli2BE/dJs3zVr9kcCBBsE883prage1NWz6pBS++1oNn/7soPNS3+1DGj0FrkSvnED4Bmlu1VAE9g==

"@esbuild/darwin-x64@0.18.17":
  version "0.18.17"
  resolved "https://registry.yarnpkg.com/@esbuild/darwin-x64/-/darwin-x64-0.18.17.tgz#92f8763ff6f97dff1c28a584da7b51b585e87a7b"
  integrity sha512-XDre+J5YeIJDMfp3n0279DFNrGCXlxOuGsWIkRb1NThMZ0BsrWXoTg23Jer7fEXQ9Ye5QjrvXpxnhzl3bHtk0g==

"@esbuild/freebsd-arm64@0.18.17":
  version "0.18.17"
  resolved "https://registry.yarnpkg.com/@esbuild/freebsd-arm64/-/freebsd-arm64-0.18.17.tgz#934f74bdf4022e143ba2f21d421b50fd0fead8f8"
  integrity sha512-cjTzGa3QlNfERa0+ptykyxs5A6FEUQQF0MuilYXYBGdBxD3vxJcKnzDlhDCa1VAJCmAxed6mYhA2KaJIbtiNuQ==

"@esbuild/freebsd-x64@0.18.17":
  version "0.18.17"
  resolved "https://registry.yarnpkg.com/@esbuild/freebsd-x64/-/freebsd-x64-0.18.17.tgz#16b6e90ba26ecc865eab71c56696258ec7f5d8bf"
  integrity sha512-sOxEvR8d7V7Kw8QqzxWc7bFfnWnGdaFBut1dRUYtu+EIRXefBc/eIsiUiShnW0hM3FmQ5Zf27suDuHsKgZ5QrA==

"@esbuild/linux-arm64@0.18.17":
  version "0.18.17"
  resolved "https://registry.yarnpkg.com/@esbuild/linux-arm64/-/linux-arm64-0.18.17.tgz#179a58e8d4c72116eb068563629349f8f4b48072"
  integrity sha512-c9w3tE7qA3CYWjT+M3BMbwMt+0JYOp3vCMKgVBrCl1nwjAlOMYzEo+gG7QaZ9AtqZFj5MbUc885wuBBmu6aADQ==

"@esbuild/linux-arm@0.18.17":
  version "0.18.17"
  resolved "https://registry.yarnpkg.com/@esbuild/linux-arm/-/linux-arm-0.18.17.tgz#9d78cf87a310ae9ed985c3915d5126578665c7b5"
  integrity sha512-2d3Lw6wkwgSLC2fIvXKoMNGVaeY8qdN0IC3rfuVxJp89CRfA3e3VqWifGDfuakPmp90+ZirmTfye1n4ncjv2lg==

"@esbuild/linux-ia32@0.18.17":
  version "0.18.17"
  resolved "https://registry.yarnpkg.com/@esbuild/linux-ia32/-/linux-ia32-0.18.17.tgz#6fed202602d37361bca376c9d113266a722a908c"
  integrity sha512-1DS9F966pn5pPnqXYz16dQqWIB0dmDfAQZd6jSSpiT9eX1NzKh07J6VKR3AoXXXEk6CqZMojiVDSZi1SlmKVdg==

"@esbuild/linux-loong64@0.18.17":
  version "0.18.17"
  resolved "https://registry.yarnpkg.com/@esbuild/linux-loong64/-/linux-loong64-0.18.17.tgz#cdc60304830be1e74560c704bfd72cab8a02fa06"
  integrity sha512-EvLsxCk6ZF0fpCB6w6eOI2Fc8KW5N6sHlIovNe8uOFObL2O+Mr0bflPHyHwLT6rwMg9r77WOAWb2FqCQrVnwFg==

"@esbuild/linux-mips64el@0.18.17":
  version "0.18.17"
  resolved "https://registry.yarnpkg.com/@esbuild/linux-mips64el/-/linux-mips64el-0.18.17.tgz#c367b2855bb0902f5576291a2049812af2088086"
  integrity sha512-e0bIdHA5p6l+lwqTE36NAW5hHtw2tNRmHlGBygZC14QObsA3bD4C6sXLJjvnDIjSKhW1/0S3eDy+QmX/uZWEYQ==

"@esbuild/linux-ppc64@0.18.17":
  version "0.18.17"
  resolved "https://registry.yarnpkg.com/@esbuild/linux-ppc64/-/linux-ppc64-0.18.17.tgz#7fdc0083d42d64a4651711ee0a7964f489242f45"
  integrity sha512-BAAilJ0M5O2uMxHYGjFKn4nJKF6fNCdP1E0o5t5fvMYYzeIqy2JdAP88Az5LHt9qBoUa4tDaRpfWt21ep5/WqQ==

"@esbuild/linux-riscv64@0.18.17":
  version "0.18.17"
  resolved "https://registry.yarnpkg.com/@esbuild/linux-riscv64/-/linux-riscv64-0.18.17.tgz#5198a417f3f5b86b10c95647b8bc032e5b6b2b1c"
  integrity sha512-Wh/HW2MPnC3b8BqRSIme/9Zhab36PPH+3zam5pqGRH4pE+4xTrVLx2+XdGp6fVS3L2x+DrsIcsbMleex8fbE6g==

"@esbuild/linux-s390x@0.18.17":
  version "0.18.17"
  resolved "https://registry.yarnpkg.com/@esbuild/linux-s390x/-/linux-s390x-0.18.17.tgz#7459c2fecdee2d582f0697fb76a4041f4ad1dd1e"
  integrity sha512-j/34jAl3ul3PNcK3pfI0NSlBANduT2UO5kZ7FCaK33XFv3chDhICLY8wJJWIhiQ+YNdQ9dxqQctRg2bvrMlYgg==

"@esbuild/linux-x64@0.18.17":
  version "0.18.17"
  resolved "https://registry.yarnpkg.com/@esbuild/linux-x64/-/linux-x64-0.18.17.tgz#948cdbf46d81c81ebd7225a7633009bc56a4488c"
  integrity sha512-QM50vJ/y+8I60qEmFxMoxIx4de03pGo2HwxdBeFd4nMh364X6TIBZ6VQ5UQmPbQWUVWHWws5MmJXlHAXvJEmpQ==

"@esbuild/netbsd-x64@0.18.17":
  version "0.18.17"
  resolved "https://registry.yarnpkg.com/@esbuild/netbsd-x64/-/netbsd-x64-0.18.17.tgz#6bb89668c0e093c5a575ded08e1d308bd7fd63e7"
  integrity sha512-/jGlhWR7Sj9JPZHzXyyMZ1RFMkNPjC6QIAan0sDOtIo2TYk3tZn5UDrkE0XgsTQCxWTTOcMPf9p6Rh2hXtl5TQ==

"@esbuild/openbsd-x64@0.18.17":
  version "0.18.17"
  resolved "https://registry.yarnpkg.com/@esbuild/openbsd-x64/-/openbsd-x64-0.18.17.tgz#abac2ae75fef820ef6c2c48da4666d092584c79d"
  integrity sha512-rSEeYaGgyGGf4qZM2NonMhMOP/5EHp4u9ehFiBrg7stH6BYEEjlkVREuDEcQ0LfIl53OXLxNbfuIj7mr5m29TA==

"@esbuild/sunos-x64@0.18.17":
  version "0.18.17"
  resolved "https://registry.yarnpkg.com/@esbuild/sunos-x64/-/sunos-x64-0.18.17.tgz#74a45fe1db8ea96898f1a9bb401dcf1dadfc8371"
  integrity sha512-Y7ZBbkLqlSgn4+zot4KUNYst0bFoO68tRgI6mY2FIM+b7ZbyNVtNbDP5y8qlu4/knZZ73fgJDlXID+ohY5zt5g==

"@esbuild/win32-arm64@0.18.17":
  version "0.18.17"
  resolved "https://registry.yarnpkg.com/@esbuild/win32-arm64/-/win32-arm64-0.18.17.tgz#fd95ffd217995589058a4ed8ac17ee72a3d7f615"
  integrity sha512-bwPmTJsEQcbZk26oYpc4c/8PvTY3J5/QK8jM19DVlEsAB41M39aWovWoHtNm78sd6ip6prilxeHosPADXtEJFw==

"@esbuild/win32-ia32@0.18.17":
  version "0.18.17"
  resolved "https://registry.yarnpkg.com/@esbuild/win32-ia32/-/win32-ia32-0.18.17.tgz#9b7ef5d0df97593a80f946b482e34fcba3fa4aaf"
  integrity sha512-H/XaPtPKli2MhW+3CQueo6Ni3Avggi6hP/YvgkEe1aSaxw+AeO8MFjq8DlgfTd9Iz4Yih3QCZI6YLMoyccnPRg==

"@esbuild/win32-x64@0.18.17":
  version "0.18.17"
  resolved "https://registry.yarnpkg.com/@esbuild/win32-x64/-/win32-x64-0.18.17.tgz#bcb2e042631b3c15792058e189ed879a22b2968b"
  integrity sha512-fGEb8f2BSA3CW7riJVurug65ACLuQAzKq0SSqkY2b2yHHH0MzDfbLyKIGzHwOI/gkHcxM/leuSW6D5w/LMNitA==

"@pixi/app@^7.2.4":
  version "7.3.0"
  resolved "https://registry.yarnpkg.com/@pixi/app/-/app-7.3.0.tgz#c9f01799eb5dd7403194b9ee2193045384e1744f"
  integrity sha512-dBXI4o36vgjoXVYkuiDPQcIsSuI3LUHQ6ycfqnX7jXlbGX5x1310O1WZfYENN18S3njm6WCtOdNTxDoHAo9NHw==

"@pixi/color@7.3.0":
  version "7.3.0"
  resolved "https://registry.yarnpkg.com/@pixi/color/-/color-7.3.0.tgz#179036c7bea176bd8d98f6b58be9b198ddbbee74"
  integrity sha512-qwgsP+cQhw0QjvouvAslpJ3g7DUMwKLUrXF6Nv+G4GhgVC2Z03CsCfWgUxLxKPD3WadB6FacdRIGx6o2TywB+A==
  dependencies:
    colord "^2.9.3"

"@pixi/constants@7.3.0":
  version "7.3.0"
  resolved "https://registry.yarnpkg.com/@pixi/constants/-/constants-7.3.0.tgz#d9d33d1569228c3f94d2abf7be54b35ecb1afb66"
  integrity sha512-zRBX5RAxm14zs7/sse/eXSrFzbv2XPEJwj2fQga+4hI7tAsXazYgGFl3CMlDET5mW9rXUSxROE0dvnLe9DcYRQ==

"@pixi/core@^7.2.4":
  version "7.3.0"
  resolved "https://registry.yarnpkg.com/@pixi/core/-/core-7.3.0.tgz#c62e543f9411b204e793f8e6710b4700958f8113"
  integrity sha512-ZgFdlqOZfijfgvWMi6ZuQey2m3U+ik8GUD7MsLn96Gtg7UQGwmcEsEB2MZ7f7TUoLkMAOlxb0aXEHzdV/+v1zg==
  dependencies:
    "@pixi/color" "7.3.0"
    "@pixi/constants" "7.3.0"
    "@pixi/extensions" "7.3.0"
    "@pixi/math" "7.3.0"
    "@pixi/runner" "7.3.0"
    "@pixi/settings" "7.3.0"
    "@pixi/ticker" "7.3.0"
    "@pixi/utils" "7.3.0"
    "@types/offscreencanvas" "^2019.6.4"

"@pixi/display@^7.2.4":
  version "7.3.0"
  resolved "https://registry.yarnpkg.com/@pixi/display/-/display-7.3.0.tgz#e268930b5f106019cf0fb3432988fc09d955b42c"
  integrity sha512-YQJZEcQo/0BIhvAaKrG68w01HYhPMwyPLj0Rvw30J4sW4uer/vf50IEAkM80rdQIUowqjUvatUYRW/r+owomXg==

"@pixi/extensions@7.3.0":
  version "7.3.0"
  resolved "https://registry.yarnpkg.com/@pixi/extensions/-/extensions-7.3.0.tgz#0b0feb9c2b9964e9473c6712903ca99d958f581b"
  integrity sha512-kr0nia7yvPLIXqBeOKLUXcOoxRG5yCxIPUtXvsFSrrmJvqsXsyg4l9cH0CS/I9yTb67/ks5wjzieUdwNf8pfTg==

"@pixi/graphics@^7.2.4":
  version "7.3.0"
  resolved "https://registry.yarnpkg.com/@pixi/graphics/-/graphics-7.3.0.tgz#c041ff5b7aa3dffae1a215a9512d909fe8425d0d"
  integrity sha512-+5yyv8z4sZDxvdyYbGn/DeR1EdSD+ieXf9N3BS2puoxmrM5blMUzZCoY4vFCeF+r59VpB0ildYl3APzwMdRCLw==

"@pixi/math@7.3.0":
  version "7.3.0"
  resolved "https://registry.yarnpkg.com/@pixi/math/-/math-7.3.0.tgz#1f1b5e1e106a00ef5927ae169e244180844a7088"
  integrity sha512-3gM1MffXlDM8bFNl+D1ndq4W1Gn7quRvxbAZ9RUp7Zvoqcud/0c/VcxngM2st+IXeFf8htlKxytkotMKk5gQxA==

"@pixi/runner@7.3.0":
  version "7.3.0"
  resolved "https://registry.yarnpkg.com/@pixi/runner/-/runner-7.3.0.tgz#a1a293701b43027d24495475a11230dfca71b8e7"
  integrity sha512-U0qQk5yhZcCYQVm444IO604aoe1TivQjKeaAYaEpxNyEbSJ2/rEIQEttrnw6JXnm6a0ycI8iBtweDthnpyatqA==

"@pixi/settings@7.3.0":
  version "7.3.0"
  resolved "https://registry.yarnpkg.com/@pixi/settings/-/settings-7.3.0.tgz#b4ed536ac7f6e2536bb74fa5e6c7d305438d1d7a"
  integrity sha512-x8Tms/DBnedbJBjkP4VHqyBckqXqJnoAfoayqEcFrqNDQa+1qkr1UnyPj3l4eiEPhY8cEUBz1wSZnhM7R4XcDw==
  dependencies:
    "@pixi/constants" "7.3.0"
    "@types/css-font-loading-module" "^0.0.7"
    ismobilejs "^1.1.0"

"@pixi/sprite@^7.2.4":
  version "7.3.0"
  resolved "https://registry.yarnpkg.com/@pixi/sprite/-/sprite-7.3.0.tgz#6d1566432c2c013cb5fedbbdc32b94fd3eecb341"
  integrity sha512-3hJveyaxJ9jmZiyOo/Wfmh0Lje7eElF0FoqPl9mfNCXz1TKHSmWqHste+1LimqnThTiUhruJqwUq8h5o1DKLuw==

"@pixi/text@^7.2.4":
  version "7.2.4"
  resolved "https://registry.yarnpkg.com/@pixi/text/-/text-7.2.4.tgz#b31e7619ba80acee69cd9fb33948d34f1839bc61"
  integrity sha512-DGu7ktpe+zHhqR2sG9NsJt4mgvSObv5EqXTtUxD4Z0li1gmqF7uktpLyn5I6vSg1TTEL4TECClRDClVDGiykWw==

"@pixi/ticker@7.3.0":
  version "7.3.0"
  resolved "https://registry.yarnpkg.com/@pixi/ticker/-/ticker-7.3.0.tgz#c2bd11d45b2b3c8e268ed6685a06ade4fc695a43"
  integrity sha512-F77FpONHOn5JkZRMHUM8bXLLIG+Czve7zxOqb1Mk57QHLADhcHP88Kj2eYu9E7zJu4Flx51nyTdmVWQgQXW96g==
  dependencies:
    "@pixi/extensions" "7.3.0"
    "@pixi/settings" "7.3.0"
    "@pixi/utils" "7.3.0"

"@pixi/utils@7.3.0":
  version "7.3.0"
  resolved "https://registry.yarnpkg.com/@pixi/utils/-/utils-7.3.0.tgz#5c7497466458f1d084230c767f7fb49addc4012a"
  integrity sha512-syUi0UuJslUAs3PkZKycliND1Fs0cX3c+s2YyVTiRRRvuM81LvjrG/1AqKFhNaav7oYapBOQBWjgzBGv3wmM/A==
  dependencies:
    "@pixi/color" "7.3.0"
    "@pixi/constants" "7.3.0"
    "@pixi/settings" "7.3.0"
    "@types/earcut" "^2.1.0"
    earcut "^2.2.4"
    eventemitter3 "^4.0.0"
    url "^0.11.0"

"@types/css-font-loading-module@^0.0.7":
  version "0.0.7"
  resolved "https://registry.yarnpkg.com/@types/css-font-loading-module/-/css-font-loading-module-0.0.7.tgz#2f98ede46acc0975de85c0b7b0ebe06041d24601"
  integrity sha512-nl09VhutdjINdWyXxHWN/w9zlNCfr60JUqJbd24YXUuCwgeL0TpFSdElCwb6cxfB6ybE19Gjj4g0jsgkXxKv1Q==

"@types/css-font-loading-module@^0.0.8":
  version "0.0.8"
  resolved "https://registry.yarnpkg.com/@types/css-font-loading-module/-/css-font-loading-module-0.0.8.tgz#ad4c785098c6d198cb12eb7aa0c4c400df05e6e0"
  integrity sha512-PdJeLlCJj/ShOA+c0dXdZ/e1P0Cdjhip+dRBtPaigOqwKd0DiFx3NeO6T2E7AQ5JszSR3dub3YkQjc2hcQyxSw==

"@types/earcut@^2.1.0":
  version "2.1.1"
  resolved "https://registry.yarnpkg.com/@types/earcut/-/earcut-2.1.1.tgz#573a0af609f17005c751f6f4ffec49cfe358ea51"
  integrity sha512-w8oigUCDjElRHRRrMvn/spybSMyX8MTkKA5Dv+tS1IE/TgmNZPqUYtvYBXGY8cieSE66gm+szeK+bnbxC2xHTQ==

"@types/offscreencanvas@^2019.6.4":
  version "2019.7.0"
  resolved "https://registry.yarnpkg.com/@types/offscreencanvas/-/offscreencanvas-2019.7.0.tgz#e4a932069db47bb3eabeb0b305502d01586fa90d"
  integrity sha512-PGcyveRIpL1XIqK8eBsmRBt76eFgtzuPiSTyKHZxnGemp2yzGzWpjYKAfK3wIMiU7eH+851yEpiuP8JZerTmWg==

call-bind@^1.0.0:
  version "1.0.2"
  resolved "https://registry.yarnpkg.com/call-bind/-/call-bind-1.0.2.tgz#b1d4e89e688119c3c9a903ad30abb2f6a919be3c"
  integrity sha512-7O+FbCihrB5WGbFYesctwmTKae6rOiIzmz1icreWJ+0aA7LJfuqhEso2T9ncpcFtzMQtzXf2QGGueWJGTYsqrA==
  dependencies:
    function-bind "^1.1.1"
    get-intrinsic "^1.0.2"

chibiengine@^0.2.0-dev:
  version "0.2.0-dev"
  resolved "https://registry.yarnpkg.com/chibiengine/-/chibiengine-0.2.0-dev.tgz#fae18a0236b73ff38277436349fd214436563c22"
  integrity sha512-+axZLUx85SF+4CobtiGcCL4gZkpccMn/9yDNun4kSECK4LSMn8yikOZTkVDEQtecLaeTysuLJC7r+6zckgjhVw==
  dependencies:
    "@pixi/app" "^7.2.4"
    "@pixi/core" "^7.2.4"
    "@pixi/display" "^7.2.4"
    "@pixi/graphics" "^7.2.4"
    "@pixi/sprite" "^7.2.4"
    "@types/css-font-loading-module" "^0.0.8"

colord@^2.9.3:
  version "2.9.3"
  resolved "https://registry.yarnpkg.com/colord/-/colord-2.9.3.tgz#4f8ce919de456f1d5c1c368c307fe20f3e59fb43"
  integrity sha512-jeC1axXpnb0/2nn/Y1LPuLdgXBLH7aDcHu4KEKfqw3CUhX7ZpfBSlPKyqXE6btIgEzfWtrX3/tyBCaCvXvMkOw==

earcut@^2.2.4:
  version "2.2.4"
  resolved "https://registry.yarnpkg.com/earcut/-/earcut-2.2.4.tgz#6d02fd4d68160c114825d06890a92ecaae60343a"
  integrity sha512-/pjZsA1b4RPHbeWZQn66SWS8nZZWLQQ23oE3Eam7aroEFGEvwKAsJfZ9ytiEMycfzXWpca4FA9QIOehf7PocBQ==

esbuild@^0.18.10:
  version "0.18.17"
  resolved "https://registry.yarnpkg.com/esbuild/-/esbuild-0.18.17.tgz#2aaf6bc6759b0c605777fdc435fea3969e091cad"
  integrity sha512-1GJtYnUxsJreHYA0Y+iQz2UEykonY66HNWOb0yXYZi9/kNrORUEHVg87eQsCtqh59PEJ5YVZJO98JHznMJSWjg==
  optionalDependencies:
    "@esbuild/android-arm" "0.18.17"
    "@esbuild/android-arm64" "0.18.17"
    "@esbuild/android-x64" "0.18.17"
    "@esbuild/darwin-arm64" "0.18.17"
    "@esbuild/darwin-x64" "0.18.17"
    "@esbuild/freebsd-arm64" "0.18.17"
    "@esbuild/freebsd-x64" "0.18.17"
    "@esbuild/linux-arm" "0.18.17"
    "@esbuild/linux-arm64" "0.18.17"
    "@esbuild/linux-ia32" "0.18.17"
    "@esbuild/linux-loong64" "0.18.17"
    "@esbuild/linux-mips64el" "0.18.17"
    "@esbuild/linux-ppc64" "0.18.17"
    "@esbuild/linux-riscv64" "0.18.17"
    "@esbuild/linux-s390x" "0.18.17"
    "@esbuild/linux-x64" "0.18.17"
    "@esbuild/netbsd-x64" "0.18.17"
    "@esbuild/openbsd-x64" "0.18.17"
    "@esbuild/sunos-x64" "0.18.17"
    "@esbuild/win32-arm64" "0.18.17"
    "@esbuild/win32-ia32" "0.18.17"
    "@esbuild/win32-x64" "0.18.17"

eventemitter3@^4.0.0:
  version "4.0.7"
  resolved "https://registry.yarnpkg.com/eventemitter3/-/eventemitter3-4.0.7.tgz#2de9b68f6528d5644ef5c59526a1b4a07306169f"
  integrity sha512-8guHBZCwKnFhYdHr2ysuRWErTwhoN2X8XELRlrRwpmfeY2jjuUN4taQMsULKUVo1K4DvZl+0pgfyoysHxvmvEw==

fsevents@~2.3.2:
  version "2.3.2"
  resolved "https://registry.yarnpkg.com/fsevents/-/fsevents-2.3.2.tgz#8a526f78b8fdf4623b709e0b975c52c24c02fd1a"
  integrity sha512-xiqMQR4xAeHTuB9uWm+fFRcIOgKBMiOBP+eXiyT7jsgVCq1bkVygt00oASowB7EdtpOHaaPgKt812P9ab+DDKA==

function-bind@^1.1.1:
  version "1.1.1"
  resolved "https://registry.yarnpkg.com/function-bind/-/function-bind-1.1.1.tgz#a56899d3ea3c9bab874bb9773b7c5ede92f4895d"
  integrity sha512-yIovAzMX49sF8Yl58fSCWJ5svSLuaibPxXQJFLmBObTuCr0Mf1KiPopGM9NiFjiYBCbfaa2Fh6breQ6ANVTI0A==

get-intrinsic@^1.0.2:
  version "1.2.1"
  resolved "https://registry.yarnpkg.com/get-intrinsic/-/get-intrinsic-1.2.1.tgz#d295644fed4505fc9cde952c37ee12b477a83d82"
  integrity sha512-2DcsyfABl+gVHEfCOaTrWgyt+tb6MSEGmKq+kI5HwLbIYgjgmMcV8KQ41uaKz1xxUcn9tJtgFbQUEVcEbd0FYw==
  dependencies:
    function-bind "^1.1.1"
    has "^1.0.3"
    has-proto "^1.0.1"
    has-symbols "^1.0.3"

has-proto@^1.0.1:
  version "1.0.1"
  resolved "https://registry.yarnpkg.com/has-proto/-/has-proto-1.0.1.tgz#1885c1305538958aff469fef37937c22795408e0"
  integrity sha512-7qE+iP+O+bgF9clE5+UoBFzE65mlBiVj3tKCrlNQ0Ogwm0BjpT/gK4SlLYDMybDh5I3TCTKnPPa0oMG7JDYrhg==

has-symbols@^1.0.3:
  version "1.0.3"
  resolved "https://registry.yarnpkg.com/has-symbols/-/has-symbols-1.0.3.tgz#bb7b2c4349251dce87b125f7bdf874aa7c8b39f8"
  integrity sha512-l3LCuF6MgDNwTDKkdYGEihYjt5pRPbEg46rtlmnSPlUbgmB8LOIrKJbYYFBSbnPaJexMKtiPO8hmeRjRz2Td+A==

has@^1.0.3:
  version "1.0.3"
  resolved "https://registry.yarnpkg.com/has/-/has-1.0.3.tgz#722d7cbfc1f6aa8241f16dd814e011e1f41e8796"
  integrity sha512-f2dvO0VU6Oej7RkWJGrehjbzMAjFp5/VKPp5tTpWIV4JHHZK1/BxbFRtf/siA2SWTe09caDmVtYYzWEIbBS4zw==
  dependencies:
    function-bind "^1.1.1"

ismobilejs@^1.1.0:
  version "1.1.1"
  resolved "https://registry.yarnpkg.com/ismobilejs/-/ismobilejs-1.1.1.tgz#c56ca0ae8e52b24ca0f22ba5ef3215a2ddbbaa0e"
  integrity sha512-VaFW53yt8QO61k2WJui0dHf4SlL8lxBofUuUmwBo0ljPk0Drz2TiuDW4jo3wDcv41qy/SxrJ+VAzJ/qYqsmzRw==

nanoid@^3.3.6:
  version "3.3.6"
  resolved "https://registry.yarnpkg.com/nanoid/-/nanoid-3.3.6.tgz#443380c856d6e9f9824267d960b4236ad583ea4c"
  integrity sha512-BGcqMMJuToF7i1rt+2PWSNVnWIkGCU78jBG3RxO/bZlnZPK2Cmi2QaffxGO/2RvWi9sL+FAiRiXMgsyxQ1DIDA==

object-inspect@^1.9.0:
  version "1.12.3"
  resolved "https://registry.yarnpkg.com/object-inspect/-/object-inspect-1.12.3.tgz#ba62dffd67ee256c8c086dfae69e016cd1f198b9"
  integrity sha512-geUvdk7c+eizMNUDkRpW1wJwgfOiOeHbxBR/hLXK1aT6zmVSO0jsQcs7fj6MGw89jC/cjGfLcNOrtMYtGqm81g==

picocolors@^1.0.0:
  version "1.0.0"
  resolved "https://registry.yarnpkg.com/picocolors/-/picocolors-1.0.0.tgz#cb5bdc74ff3f51892236eaf79d68bc44564ab81c"
  integrity sha512-1fygroTLlHu66zi26VoTDv8yRgm0Fccecssto+MhsZ0D/DGW2sm8E8AjW7NU5VVTRt5GxbeZ5qBuJr+HyLYkjQ==

postcss@^8.4.26:
  version "8.4.27"
  resolved "https://registry.yarnpkg.com/postcss/-/postcss-8.4.27.tgz#234d7e4b72e34ba5a92c29636734349e0d9c3057"
  integrity sha512-gY/ACJtJPSmUFPDCHtX78+01fHa64FaU4zaaWfuh1MhGJISufJAH4cun6k/8fwsHYeK4UQmENQK+tRLCFJE8JQ==
  dependencies:
    nanoid "^3.3.6"
    picocolors "^1.0.0"
    source-map-js "^1.0.2"

punycode@^1.4.1:
  version "1.4.1"
  resolved "https://registry.yarnpkg.com/punycode/-/punycode-1.4.1.tgz#c0d5a63b2718800ad8e1eb0fa5269c84dd41845e"
  integrity sha512-jmYNElW7yvO7TV33CjSmvSiE2yco3bV2czu/OzDKdMNVZQWfxCblURLhf+47syQRBntjfLdd/H0egrzIG+oaFQ==

qs@^6.11.0:
  version "6.11.2"
  resolved "https://registry.yarnpkg.com/qs/-/qs-6.11.2.tgz#64bea51f12c1f5da1bc01496f48ffcff7c69d7d9"
  integrity sha512-tDNIz22aBzCDxLtVH++VnTfzxlfeK5CbqohpSqpJgj1Wg/cQbStNAz3NuqCs5vV+pjBsK4x4pN9HlVh7rcYRiA==
  dependencies:
    side-channel "^1.0.4"

rollup@^3.25.2:
  version "3.27.0"
  resolved "https://registry.yarnpkg.com/rollup/-/rollup-3.27.0.tgz#15bd07e2e1cbfa9255bf6a3f04a432621c2f3550"
  integrity sha512-aOltLCrYZ0FhJDm7fCqwTjIUEVjWjcydKBV/Zeid6Mn8BWgDCUBBWT5beM5ieForYNo/1ZHuGJdka26kvQ3Gzg==
  optionalDependencies:
    fsevents "~2.3.2"

side-channel@^1.0.4:
  version "1.0.4"
  resolved "https://registry.yarnpkg.com/side-channel/-/side-channel-1.0.4.tgz#efce5c8fdc104ee751b25c58d4290011fa5ea2cf"
  integrity sha512-q5XPytqFEIKHkGdiMIrY10mvLRvnQh42/+GoBlFW3b2LXLE2xxJpZFdm94we0BaoV3RwJyGqg5wS7epxTv0Zvw==
  dependencies:
    call-bind "^1.0.0"
    get-intrinsic "^1.0.2"
    object-inspect "^1.9.0"

source-map-js@^1.0.2:
  version "1.0.2"
  resolved "https://registry.yarnpkg.com/source-map-js/-/source-map-js-1.0.2.tgz#adbc361d9c62df380125e7f161f71c826f1e490c"
  integrity sha512-R0XvVJ9WusLiqTCEiGCmICCMplcCkIwwR11mOSD9CR5u+IXYdiseeEuXCVAjS54zqwkLcPNnmU4OeJ6tUrWhDw==

typescript@^5.1.6:
  version "5.1.6"
  resolved "https://registry.yarnpkg.com/typescript/-/typescript-5.1.6.tgz#02f8ac202b6dad2c0dd5e0913745b47a37998274"
  integrity sha512-zaWCozRZ6DLEWAWFrVDz1H6FVXzUSfTy5FUMWsQlU8Ym5JP9eO4xkTIROFCQvhQf61z6O/G6ugw3SgAnvvm+HA==

url@^0.11.0:
  version "0.11.1"
  resolved "https://registry.yarnpkg.com/url/-/url-0.11.1.tgz#26f90f615427eca1b9f4d6a28288c147e2302a32"
  integrity sha512-rWS3H04/+mzzJkv0eZ7vEDGiQbgquI1fGfOad6zKvgYQi1SzMmhl7c/DdRGxhaWrVH6z0qWITo8rpnxK/RfEhA==
  dependencies:
    punycode "^1.4.1"
    qs "^6.11.0"

vite@^4.4.5:
  version "4.4.7"
  resolved "https://registry.yarnpkg.com/vite/-/vite-4.4.7.tgz#71b8a37abaf8d50561aca084dbb77fa342824154"
  integrity sha512-6pYf9QJ1mHylfVh39HpuSfMPojPSKVxZvnclX1K1FyZ1PXDOcLBibdq5t1qxJSnL63ca8Wf4zts6mD8u8oc9Fw==
  dependencies:
    esbuild "^0.18.10"
    postcss "^8.4.26"
    rollup "^3.25.2"
  optionalDependencies:
    fsevents "~2.3.2"
